# This file is automatically @generated by Cargo.
# It is not intended for manual editing.
[[package]]
name = "cc"
version = "1.0.57"
source = "registry+https://github.com/rust-lang/crates.io-index"
checksum = "0fde55d2a2bfaa4c9668bbc63f531fbdeee3ffe188f4662511ce2c22b3eedebe"

[[package]]
name = "cmake"
version = "0.1.44"
source = "registry+https://github.com/rust-lang/crates.io-index"
checksum = "0e56268c17a6248366d66d4a47a3381369d068cce8409bb1716ed77ea32163bb"
dependencies = [
 "cc",
]

[[package]]
name = "fastrand"
version = "1.3.2"
source = "registry+https://github.com/rust-lang/crates.io-index"
checksum = "b90eb1dec02087df472ab9f0db65f27edaa654a746830042688bcc2eaf68090f"

[[package]]
name = "libc"
version = "0.2.71"
source = "registry+https://github.com/rust-lang/crates.io-index"
checksum = "9457b06509d27052635f90d6466700c65095fdf75409b3fbdd903e988b886f49"

[[package]]
name = "snmalloc-rs"
version = "0.2.16"
source = "registry+https://github.com/rust-lang/crates.io-index"
checksum = "179c063b993e15aafe5ec45d96db5f2372277776f5c670226e740623c3fa17a8"
dependencies = [
 "snmalloc-sys",
]

[[package]]
name = "snmalloc-sys"
version = "0.2.16"
source = "registry+https://github.com/rust-lang/crates.io-index"
checksum = "80d8e2a5b9bd308e8c103b37d8026d76e8d3525a3a2af347f5c504e875649f1b"
dependencies = [
 "cmake",
 "libc",
]

[[package]]
name = "td_ab"
version = "0.1.0"
dependencies = [
 "fastrand",
 "snmalloc-rs",
]
