# This file is automatically @generated by Cargo.
# It is not intended for manual editing.
[[package]]
name = "fastrand"
version = "1.3.2"
source = "registry+https://github.com/rust-lang/crates.io-index"
checksum = "b90eb1dec02087df472ab9f0db65f27edaa654a746830042688bcc2eaf68090f"

[[package]]
name = "td_ab"
version = "0.1.0"
dependencies = [
 "fastrand",
]
